PODS:
  - boost (1.76.0)
  - DoubleConversion (1.1.6)
  - EXApplication (5.1.1):
    - ExpoModulesCore
  - EXCamera (13.2.1):
    - ExpoModulesCore
  - EXConstants (14.2.1):
    - ExpoModulesCore
  - EXFileSystem (15.2.2):
    - ExpoModulesCore
  - EXFont (11.1.1):
    - ExpoModulesCore
  - Expo (48.0.20):
    - ExpoModulesCore
  - ExpoKeepAwake (12.0.1):
    - ExpoModulesCore
  - ExpoModulesCore (1.2.7):
    - React-Core
    - React-RCTAppDelegate
    - ReactCommon/turbomodule/core
  - EXSplashScreen (0.18.2):
    - ExpoModulesCore
    - React-Core
  - FBLazyVector (0.71.13)
  - FBReactNativeSpec (0.71.13):
    - RCT-Folly (= 2021.07.22.00)
    - RCTRequired (= 0.71.13)
    - RCTTypeSafety (= 0.71.13)
    - React-Core (= 0.71.13)
    - React-jsi (= 0.71.13)
    - ReactCommon/turbomodule/core (= 0.71.13)
  - fmt (6.2.1)
  - glog (0.3.5)
  - lottie-ios (2.5.3)
  - lottie-react-native (2.6.1):
    - lottie-ios (~> 2.5.0)
    - React
  - RCT-Folly (2021.07.22.00):
    - boost
    - DoubleConversion
    - fmt (~> 6.2.1)
    - glog
    - RCT-Folly/Default (= 2021.07.22.00)
  - RCT-Folly/Default (2021.07.22.00):
    - boost
    - DoubleConversion
    - fmt (~> 6.2.1)
    - glog
  - RCTRequired (0.71.13)
  - RCTTypeSafety (0.71.13):
    - FBLazyVector (= 0.71.13)
    - RCTRequired (= 0.71.13)
    - React-Core (= 0.71.13)
  - React (0.71.13):
    - React-Core (= 0.71.13)
    - React-Core/DevSupport (= 0.71.13)
    - React-Core/RCTWebSocket (= 0.71.13)
    - React-RCTActionSheet (= 0.71.13)
    - React-RCTAnimation (= 0.71.13)
    - React-RCTBlob (= 0.71.13)
    - React-RCTImage (= 0.71.13)
    - React-RCTLinking (= 0.71.13)
    - React-RCTNetwork (= 0.71.13)
    - React-RCTSettings (= 0.71.13)
    - React-RCTText (= 0.71.13)
    - React-RCTVibration (= 0.71.13)
  - React-callinvoker (0.71.13)
  - React-Codegen (0.71.13):
    - FBReactNativeSpec
    - RCT-Folly
    - RCTRequired
    - RCTTypeSafety
    - React-Core
    - React-jsc
    - React-jsi
    - React-jsiexecutor
    - ReactCommon/turbomodule/bridging
    - ReactCommon/turbomodule/core
  - React-Core (0.71.13):
    - glog
    - RCT-Folly (= 2021.07.22.00)
    - React-Core/Default (= 0.71.13)
    - React-cxxreact (= 0.71.13)
    - React-jsc
    - React-jsi (= 0.71.13)
    - React-jsiexecutor (= 0.71.13)
    - React-perflogger (= 0.71.13)
    - Yoga
  - React-Core/CoreModulesHeaders (0.71.13):
    - glog
    - RCT-Folly (= 2021.07.22.00)
    - React-Core/Default
    - React-cxxreact (= 0.71.13)
    - React-jsc
    - React-jsi (= 0.71.13)
    - React-jsiexecutor (= 0.71.13)
    - React-perflogger (= 0.71.13)
    - Yoga
  - React-Core/Default (0.71.13):
    - glog
    - RCT-Folly (= 2021.07.22.00)
    - React-cxxreact (= 0.71.13)
    - React-jsc
    - React-jsi (= 0.71.13)
    - React-jsiexecutor (= 0.71.13)
    - React-perflogger (= 0.71.13)
    - Yoga
  - React-Core/DevSupport (0.71.13):
    - glog
    - RCT-Folly (= 2021.07.22.00)
    - React-Core/Default (= 0.71.13)
    - React-Core/RCTWebSocket (= 0.71.13)
    - React-cxxreact (= 0.71.13)
    - React-jsc
    - React-jsi (= 0.71.13)
    - React-jsiexecutor (= 0.71.13)
    - React-jsinspector (= 0.71.13)
    - React-perflogger (= 0.71.13)
    - Yoga
  - React-Core/RCTActionSheetHeaders (0.71.13):
    - glog
    - RCT-Folly (= 2021.07.22.00)
    - React-Core/Default
    - React-cxxreact (= 0.71.13)
    - React-jsc
    - React-jsi (= 0.71.13)
    - React-jsiexecutor (= 0.71.13)
    - React-perflogger (= 0.71.13)
    - Yoga
  - React-Core/RCTAnimationHeaders (0.71.13):
    - glog
    - RCT-Folly (= 2021.07.22.00)
    - React-Core/Default
    - React-cxxreact (= 0.71.13)
    - React-jsc
    - React-jsi (= 0.71.13)
    - React-jsiexecutor (= 0.71.13)
    - React-perflogger (= 0.71.13)
    - Yoga
  - React-Core/RCTBlobHeaders (0.71.13):
    - glog
    - RCT-Folly (= 2021.07.22.00)
    - React-Core/Default
    - React-cxxreact (= 0.71.13)
    - React-jsc
    - React-jsi (= 0.71.13)
    - React-jsiexecutor (= 0.71.13)
    - React-perflogger (= 0.71.13)
    - Yoga
  - React-Core/RCTImageHeaders (0.71.13):
    - glog
    - RCT-Folly (= 2021.07.22.00)
    - React-Core/Default
    - React-cxxreact (= 0.71.13)
    - React-jsc
    - React-jsi (= 0.71.13)
    - React-jsiexecutor (= 0.71.13)
    - React-perflogger (= 0.71.13)
    - Yoga
  - React-Core/RCTLinkingHeaders (0.71.13):
    - glog
    - RCT-Folly (= 2021.07.22.00)
    - React-Core/Default
    - React-cxxreact (= 0.71.13)
    - React-jsc
    - React-jsi (= 0.71.13)
    - React-jsiexecutor (= 0.71.13)
    - React-perflogger (= 0.71.13)
    - Yoga
  - React-Core/RCTNetworkHeaders (0.71.13):
    - glog
    - RCT-Folly (= 2021.07.22.00)
    - React-Core/Default
    - React-cxxreact (= 0.71.13)
    - React-jsc
    - React-jsi (= 0.71.13)
    - React-jsiexecutor (= 0.71.13)
    - React-perflogger (= 0.71.13)
    - Yoga
  - React-Core/RCTSettingsHeaders (0.71.13):
    - glog
    - RCT-Folly (= 2021.07.22.00)
    - React-Core/Default
    - React-cxxreact (= 0.71.13)
    - React-jsc
    - React-jsi (= 0.71.13)
    - React-jsiexecutor (= 0.71.13)
    - React-perflogger (= 0.71.13)
    - Yoga
  - React-Core/RCTTextHeaders (0.71.13):
    - glog
    - RCT-Folly (= 2021.07.22.00)
    - React-Core/Default
    - React-cxxreact (= 0.71.13)
    - React-jsc
    - React-jsi (= 0.71.13)
    - React-jsiexecutor (= 0.71.13)
    - React-perflogger (= 0.71.13)
    - Yoga
  - React-Core/RCTVibrationHeaders (0.71.13):
    - glog
    - RCT-Folly (= 2021.07.22.00)
    - React-Core/Default
    - React-cxxreact (= 0.71.13)
    - React-jsc
    - React-jsi (= 0.71.13)
    - React-jsiexecutor (= 0.71.13)
    - React-perflogger (= 0.71.13)
    - Yoga
  - React-Core/RCTWebSocket (0.71.13):
    - glog
    - RCT-Folly (= 2021.07.22.00)
    - React-Core/Default (= 0.71.13)
    - React-cxxreact (= 0.71.13)
    - React-jsc
    - React-jsi (= 0.71.13)
    - React-jsiexecutor (= 0.71.13)
    - React-perflogger (= 0.71.13)
    - Yoga
  - React-CoreModules (0.71.13):
    - RCT-Folly (= 2021.07.22.00)
    - RCTTypeSafety (= 0.71.13)
    - React-Codegen (= 0.71.13)
    - React-Core/CoreModulesHeaders (= 0.71.13)
    - React-jsi (= 0.71.13)
    - React-RCTBlob
    - React-RCTImage (= 0.71.13)
    - ReactCommon/turbomodule/core (= 0.71.13)
  - React-cxxreact (0.71.13):
    - boost (= 1.76.0)
    - DoubleConversion
    - glog
    - RCT-Folly (= 2021.07.22.00)
    - React-callinvoker (= 0.71.13)
    - React-jsi (= 0.71.13)
    - React-jsinspector (= 0.71.13)
    - React-logger (= 0.71.13)
    - React-perflogger (= 0.71.13)
    - React-runtimeexecutor (= 0.71.13)
  - React-jsc (0.71.13):
    - React-jsc/Fabric (= 0.71.13)
    - React-jsi (= 0.71.13)
  - React-jsc/Fabric (0.71.13):
    - React-jsi (= 0.71.13)
  - React-jsi (0.71.13):
    - boost (= 1.76.0)
    - DoubleConversion
    - glog
    - RCT-Folly (= 2021.07.22.00)
  - React-jsiexecutor (0.71.13):
    - DoubleConversion
    - glog
    - RCT-Folly (= 2021.07.22.00)
    - React-cxxreact (= 0.71.13)
    - React-jsi (= 0.71.13)
    - React-perflogger (= 0.71.13)
  - React-jsinspector (0.71.13)
  - React-logger (0.71.13):
    - glog
  - react-native-safe-area-context (4.7.2):
    - React-Core
  - React-perflogger (0.71.13)
  - React-RCTActionSheet (0.71.13):
    - React-Core/RCTActionSheetHeaders (= 0.71.13)
  - React-RCTAnimation (0.71.13):
    - RCT-Folly (= 2021.07.22.00)
    - RCTTypeSafety (= 0.71.13)
    - React-Codegen (= 0.71.13)
    - React-Core/RCTAnimationHeaders (= 0.71.13)
    - React-jsi (= 0.71.13)
    - ReactCommon/turbomodule/core (= 0.71.13)
  - React-RCTAppDelegate (0.71.13):
    - RCT-Folly
    - RCTRequired
    - RCTTypeSafety
    - React-Core
    - ReactCommon/turbomodule/core
  - React-RCTBlob (0.71.13):
    - RCT-Folly (= 2021.07.22.00)
    - React-Codegen (= 0.71.13)
    - React-Core/RCTBlobHeaders (= 0.71.13)
    - React-Core/RCTWebSocket (= 0.71.13)
    - React-jsi (= 0.71.13)
    - React-RCTNetwork (= 0.71.13)
    - ReactCommon/turbomodule/core (= 0.71.13)
  - React-RCTImage (0.71.13):
    - RCT-Folly (= 2021.07.22.00)
    - RCTTypeSafety (= 0.71.13)
    - React-Codegen (= 0.71.13)
    - React-Core/RCTImageHeaders (= 0.71.13)
    - React-jsi (= 0.71.13)
    - React-RCTNetwork (= 0.71.13)
    - ReactCommon/turbomodule/core (= 0.71.13)
  - React-RCTLinking (0.71.13):
    - React-Codegen (= 0.71.13)
    - React-Core/RCTLinkingHeaders (= 0.71.13)
    - React-jsi (= 0.71.13)
    - ReactCommon/turbomodule/core (= 0.71.13)
  - React-RCTNetwork (0.71.13):
    - RCT-Folly (= 2021.07.22.00)
    - RCTTypeSafety (= 0.71.13)
    - React-Codegen (= 0.71.13)
    - React-Core/RCTNetworkHeaders (= 0.71.13)
    - React-jsi (= 0.71.13)
    - ReactCommon/turbomodule/core (= 0.71.13)
  - React-RCTSettings (0.71.13):
    - RCT-Folly (= 2021.07.22.00)
    - RCTTypeSafety (= 0.71.13)
    - React-Codegen (= 0.71.13)
    - React-Core/RCTSettingsHeaders (= 0.71.13)
    - React-jsi (= 0.71.13)
    - ReactCommon/turbomodule/core (= 0.71.13)
  - React-RCTText (0.71.13):
    - React-Core/RCTTextHeaders (= 0.71.13)
  - React-RCTVibration (0.71.13):
    - RCT-Folly (= 2021.07.22.00)
    - React-Codegen (= 0.71.13)
    - React-Core/RCTVibrationHeaders (= 0.71.13)
    - React-jsi (= 0.71.13)
    - ReactCommon/turbomodule/core (= 0.71.13)
  - React-runtimeexecutor (0.71.13):
    - React-jsi (= 0.71.13)
  - ReactCommon/turbomodule/bridging (0.71.13):
    - DoubleConversion
    - glog
    - RCT-Folly (= 2021.07.22.00)
    - React-callinvoker (= 0.71.13)
    - React-Core (= 0.71.13)
    - React-cxxreact (= 0.71.13)
    - React-jsi (= 0.71.13)
    - React-logger (= 0.71.13)
    - React-perflogger (= 0.71.13)
  - ReactCommon/turbomodule/core (0.71.13):
    - DoubleConversion
    - glog
    - RCT-Folly (= 2021.07.22.00)
    - React-callinvoker (= 0.71.13)
    - React-Core (= 0.71.13)
    - React-cxxreact (= 0.71.13)
    - React-jsi (= 0.71.13)
    - React-logger (= 0.71.13)
    - React-perflogger (= 0.71.13)
  - RNReanimated (2.17.0):
    - DoubleConversion
    - FBLazyVector
    - FBReactNativeSpec
    - glog
    - RCT-Folly
    - RCTRequired
    - RCTTypeSafety
    - React-callinvoker
    - React-Core
    - React-Core/DevSupport
    - React-Core/RCTWebSocket
    - React-CoreModules
    - React-cxxreact
    - React-jsi
    - React-jsiexecutor
    - React-jsinspector
    - React-RCTActionSheet
    - React-RCTAnimation
    - React-RCTBlob
    - React-RCTImage
    - React-RCTLinking
    - React-RCTNetwork
    - React-RCTSettings
    - React-RCTText
    - ReactCommon/turbomodule/core
    - Yoga
  - RNScreens (3.25.0):
    - React-Core
    - React-RCTImage
  - RNSVG (13.14.0):
    - React-Core
  - VisionCamera (3.3.1):
    - React
    - React-callinvoker
    - React-Core
  - Yoga (1.14.0)

DEPENDENCIES:
  - boost (from `../node_modules/react-native/third-party-podspecs/boost.podspec`)
  - DoubleConversion (from `../node_modules/react-native/third-party-podspecs/DoubleConversion.podspec`)
  - EXApplication (from `../node_modules/expo-application/ios`)
  - EXCamera (from `../node_modules/expo-camera/ios`)
  - EXConstants (from `../node_modules/expo-constants/ios`)
  - EXFileSystem (from `../node_modules/expo-file-system/ios`)
  - EXFont (from `../node_modules/expo-font/ios`)
  - Expo (from `../node_modules/expo`)
  - ExpoKeepAwake (from `../node_modules/expo-keep-awake/ios`)
  - ExpoModulesCore (from `../node_modules/expo-modules-core`)
  - EXSplashScreen (from `../node_modules/expo-splash-screen/ios`)
  - FBLazyVector (from `../node_modules/react-native/Libraries/FBLazyVector`)
  - FBReactNativeSpec (from `../node_modules/react-native/React/FBReactNativeSpec`)
  - glog (from `../node_modules/react-native/third-party-podspecs/glog.podspec`)
  - lottie-ios (from `../node_modules/lottie-ios`)
  - lottie-react-native (from `../node_modules/lottie-react-native`)
  - RCT-Folly (from `../node_modules/react-native/third-party-podspecs/RCT-Folly.podspec`)
  - RCTRequired (from `../node_modules/react-native/Libraries/RCTRequired`)
  - RCTTypeSafety (from `../node_modules/react-native/Libraries/TypeSafety`)
  - React (from `../node_modules/react-native/`)
  - React-callinvoker (from `../node_modules/react-native/ReactCommon/callinvoker`)
  - React-Codegen (from `build/generated/ios`)
  - React-Core (from `../node_modules/react-native/`)
  - React-Core/RCTWebSocket (from `../node_modules/react-native/`)
  - React-CoreModules (from `../node_modules/react-native/React/CoreModules`)
  - React-cxxreact (from `../node_modules/react-native/ReactCommon/cxxreact`)
  - React-jsc (from `../node_modules/react-native/ReactCommon/jsc`)
  - React-jsi (from `../node_modules/react-native/ReactCommon/jsi`)
  - React-jsiexecutor (from `../node_modules/react-native/ReactCommon/jsiexecutor`)
  - React-jsinspector (from `../node_modules/react-native/ReactCommon/jsinspector`)
  - React-logger (from `../node_modules/react-native/ReactCommon/logger`)
  - react-native-safe-area-context (from `../node_modules/react-native-safe-area-context`)
  - React-perflogger (from `../node_modules/react-native/ReactCommon/reactperflogger`)
  - React-RCTActionSheet (from `../node_modules/react-native/Libraries/ActionSheetIOS`)
  - React-RCTAnimation (from `../node_modules/react-native/Libraries/NativeAnimation`)
  - React-RCTAppDelegate (from `../node_modules/react-native/Libraries/AppDelegate`)
  - React-RCTBlob (from `../node_modules/react-native/Libraries/Blob`)
  - React-RCTImage (from `../node_modules/react-native/Libraries/Image`)
  - React-RCTLinking (from `../node_modules/react-native/Libraries/LinkingIOS`)
  - React-RCTNetwork (from `../node_modules/react-native/Libraries/Network`)
  - React-RCTSettings (from `../node_modules/react-native/Libraries/Settings`)
  - React-RCTText (from `../node_modules/react-native/Libraries/Text`)
  - React-RCTVibration (from `../node_modules/react-native/Libraries/Vibration`)
  - React-runtimeexecutor (from `../node_modules/react-native/ReactCommon/runtimeexecutor`)
  - ReactCommon/turbomodule/core (from `../node_modules/react-native/ReactCommon`)
  - RNReanimated (from `../node_modules/react-native-reanimated`)
  - RNScreens (from `../node_modules/react-native-screens`)
  - RNSVG (from `../node_modules/react-native-svg`)
  - VisionCamera (from `../node_modules/react-native-vision-camera`)
  - Yoga (from `../node_modules/react-native/ReactCommon/yoga`)

SPEC REPOS:
  trunk:
    - fmt

EXTERNAL SOURCES:
  boost:
    :podspec: "../node_modules/react-native/third-party-podspecs/boost.podspec"
  DoubleConversion:
    :podspec: "../node_modules/react-native/third-party-podspecs/DoubleConversion.podspec"
  EXApplication:
    :path: "../node_modules/expo-application/ios"
  EXCamera:
    :path: "../node_modules/expo-camera/ios"
  EXConstants:
    :path: "../node_modules/expo-constants/ios"
  EXFileSystem:
    :path: "../node_modules/expo-file-system/ios"
  EXFont:
    :path: "../node_modules/expo-font/ios"
  Expo:
    :path: "../node_modules/expo"
  ExpoKeepAwake:
    :path: "../node_modules/expo-keep-awake/ios"
  ExpoModulesCore:
    :path: "../node_modules/expo-modules-core"
  EXSplashScreen:
    :path: "../node_modules/expo-splash-screen/ios"
  FBLazyVector:
    :path: "../node_modules/react-native/Libraries/FBLazyVector"
  FBReactNativeSpec:
    :path: "../node_modules/react-native/React/FBReactNativeSpec"
  glog:
    :podspec: "../node_modules/react-native/third-party-podspecs/glog.podspec"
  lottie-ios:
    :path: "../node_modules/lottie-ios"
  lottie-react-native:
    :path: "../node_modules/lottie-react-native"
  RCT-Folly:
    :podspec: "../node_modules/react-native/third-party-podspecs/RCT-Folly.podspec"
  RCTRequired:
    :path: "../node_modules/react-native/Libraries/RCTRequired"
  RCTTypeSafety:
    :path: "../node_modules/react-native/Libraries/TypeSafety"
  React:
    :path: "../node_modules/react-native/"
  React-callinvoker:
    :path: "../node_modules/react-native/ReactCommon/callinvoker"
  React-Codegen:
    :path: build/generated/ios
  React-Core:
    :path: "../node_modules/react-native/"
  React-CoreModules:
    :path: "../node_modules/react-native/React/CoreModules"
  React-cxxreact:
    :path: "../node_modules/react-native/ReactCommon/cxxreact"
  React-jsc:
    :path: "../node_modules/react-native/ReactCommon/jsc"
  React-jsi:
    :path: "../node_modules/react-native/ReactCommon/jsi"
  React-jsiexecutor:
    :path: "../node_modules/react-native/ReactCommon/jsiexecutor"
  React-jsinspector:
    :path: "../node_modules/react-native/ReactCommon/jsinspector"
  React-logger:
    :path: "../node_modules/react-native/ReactCommon/logger"
  react-native-safe-area-context:
    :path: "../node_modules/react-native-safe-area-context"
  React-perflogger:
    :path: "../node_modules/react-native/ReactCommon/reactperflogger"
  React-RCTActionSheet:
    :path: "../node_modules/react-native/Libraries/ActionSheetIOS"
  React-RCTAnimation:
    :path: "../node_modules/react-native/Libraries/NativeAnimation"
  React-RCTAppDelegate:
    :path: "../node_modules/react-native/Libraries/AppDelegate"
  React-RCTBlob:
    :path: "../node_modules/react-native/Libraries/Blob"
  React-RCTImage:
    :path: "../node_modules/react-native/Libraries/Image"
  React-RCTLinking:
    :path: "../node_modules/react-native/Libraries/LinkingIOS"
  React-RCTNetwork:
    :path: "../node_modules/react-native/Libraries/Network"
  React-RCTSettings:
    :path: "../node_modules/react-native/Libraries/Settings"
  React-RCTText:
    :path: "../node_modules/react-native/Libraries/Text"
  React-RCTVibration:
    :path: "../node_modules/react-native/Libraries/Vibration"
  React-runtimeexecutor:
    :path: "../node_modules/react-native/ReactCommon/runtimeexecutor"
  ReactCommon:
    :path: "../node_modules/react-native/ReactCommon"
  RNReanimated:
    :path: "../node_modules/react-native-reanimated"
  RNScreens:
    :path: "../node_modules/react-native-screens"
  RNSVG:
    :path: "../node_modules/react-native-svg"
  VisionCamera:
    :path: "../node_modules/react-native-vision-camera"
  Yoga:
    :path: "../node_modules/react-native/ReactCommon/yoga"

SPEC CHECKSUMS:
  boost: 57d2868c099736d80fcd648bf211b4431e51a558
  DoubleConversion: 5189b271737e1565bdce30deb4a08d647e3f5f54
  EXApplication: d8f53a7eee90a870a75656280e8d4b85726ea903
  EXCamera: a323a5942b5e7fc8349e17d728e91c18840ad561
  EXConstants: f348da07e21b23d2b085e270d7b74f282df1a7d9
  EXFileSystem: 844e86ca9b5375486ecc4ef06d3838d5597d895d
  EXFont: 6ea3800df746be7233208d80fe379b8ed74f4272
  Expo: b7d2843b0a0027d0ce76121a63085764355a16ed
  ExpoKeepAwake: 69f5f627670d62318410392d03e0b5db0f85759a
  ExpoModulesCore: 653958063a301098b541ae4dfed1ac0b98db607b
  EXSplashScreen: 0e0a9ba0cf7553094e93213099bd7b42e6e237e9
  FBLazyVector: 24e08bf294faea0abc0278abb2fcad7f3e446f6f
  FBReactNativeSpec: c949e4b726d8cf9e19b73be60ecfa26355deceb3
  fmt: ff9d55029c625d3757ed641535fd4a75fedc7ce9
  glog: 04b94705f318337d7ead9e6d17c019bd9b1f6b1b
  lottie-ios: a50d5c0160425cd4b01b852bb9578963e6d92d31
  lottie-react-native: 3d8181d43619b1fe804c828bd5a09d20fe8bdea7
  RCT-Folly: 424b8c9a7a0b9ab2886ffe9c3b041ef628fd4fb1
  RCTRequired: c20235648eeb64a874f55459ceae6b081956318d
  RCTTypeSafety: ca004f1fe0b76f7936f7fe7dfd761a4386cf72f5
  React: b27df2b1da30335cf1bf1909056c4e1c3a3603ae
  React-callinvoker: f2a69510d781d8226d51342a3cbe8a9b13573ea5
  React-Codegen: fc3a9885cb4d341b87dc28627dc55d21abc89788
  React-Core: ba3402af336f345b2178d97be2dd5d8d70f8f068
  React-CoreModules: 0e081b26ab034992d6a60217fc35a83e8ad9b8ed
  React-cxxreact: 65b6f835fb2654a8c2011412bad4f8a2f4d1ccca
  React-jsc: 61eedc91c322c4d393cf8369a059902de301f2c9
  React-jsi: a05a2aab770ba542966849e45f330bc366ad8905
  React-jsiexecutor: 619be858f64120a6b9c1b36c1e8c538b55872e23
  React-jsinspector: 7e58fe86c7cc442fd11da0c9d8bef12a8d63f771
  React-logger: a3f6ca0d018749852a2a6f07c154bfc6fcd4195a
  react-native-safe-area-context: 7aa8e6d9d0f3100a820efb1a98af68aa747f9284
  React-perflogger: 431a655960a02f01257d631b2a9bfbb02fd21064
  React-RCTActionSheet: 38c8d496d0faa63013d16f709e10a3acf6b5f100
  React-RCTAnimation: 6da4d599f3262ed8021433ddd96de45ac9e731b1
  React-RCTAppDelegate: 3053338f2a9ebbaccb3828b3d471250a7e7b878c
  React-RCTBlob: 54afdbd19710a6d0be0c28b64a4a0db625bc2a30
  React-RCTImage: 4e31e6ebf2b9705831d1855425a043b40eec1f61
  React-RCTLinking: 22ac16d44e2df03e9ca9125273fc58a7c507f529
  React-RCTNetwork: 4bacd206834633c23475485dbc21c18563627af4
  React-RCTSettings: 4e4ace986ae92a7e1696fdac11615576b698f337
  React-RCTText: 37a1341bdf1f80e9909f6b69a7a9ee747cb682d3
  React-RCTVibration: 2271362cdf9ff2dae6a2156f5101e5c30b02694d
  React-runtimeexecutor: 35cec6420c9d4144b0d06f9fdb093cf8f02bd52c
  ReactCommon: 56296d2632e8eb53e94a2b7c0d05db694e164ca7
  RNReanimated: f186e85d9f28c9383d05ca39e11dd194f59093ec
  RNScreens: 85d3880b52d34db7b8eeebe2f1a0e807c05e69fa
  RNSVG: d00c8f91c3cbf6d476451313a18f04d220d4f396
  VisionCamera: ed0b360805f140c0108d9039fd8a58abbde2ff51
  Yoga: 135109c9b8c5d1a8af3a58d21cd4c7aa7f3bf555

PODFILE CHECKSUM: b816627a9d3e42921de0db82a3d925390c43b1fe

COCOAPODS: 1.13.0
